// !$*UTF8*$!
{
	archiveVersion = 1;
	classes = {
	};
	objectVersion = 46;
	objects = {

/* Begin PBXBuildFile section */
		8958562D1F116A2B00BEB595 /* AppDelegate.swift in Sources */ = {isa = PBXBuildFile; fileRef = 8958562C1F116A2B00BEB595 /* AppDelegate.swift */; };
		8958562F1F116A2B00BEB595 /* ViewController.swift in Sources */ = {isa = PBXBuildFile; fileRef = 8958562E1F116A2B00BEB595 /* ViewController.swift */; };
		895856321F116A2B00BEB595 /* Main.storyboard in Resources */ = {isa = PBXBuildFile; fileRef = 895856301F116A2B00BEB595 /* Main.storyboard */; };
		895856351F116A2B00BEB595 /* RayTracer.xcdatamodeld in Sources */ = {isa = PBXBuildFile; fileRef = 895856331F116A2B00BEB595 /* RayTracer.xcdatamodeld */; };
		895856371F116A2B00BEB595 /* Assets.xcassets in Resources */ = {isa = PBXBuildFile; fileRef = 895856361F116A2B00BEB595 /* Assets.xcassets */; };
		8958563A1F116A2B00BEB595 /* LaunchScreen.storyboard in Resources */ = {isa = PBXBuildFile; fileRef = 895856381F116A2B00BEB595 /* LaunchScreen.storyboard */; };
		895856451F116A2B00BEB595 /* RayTracerTests.swift in Sources */ = {isa = PBXBuildFile; fileRef = 895856441F116A2B00BEB595 /* RayTracerTests.swift */; };
/* End PBXBuildFile section */

/* Begin PBXContainerItemProxy section */
		895856411F116A2B00BEB595 /* PBXContainerItemProxy */ = {
			isa = PBXContainerItemProxy;
			containerPortal = 895856211F116A2B00BEB595 /* Project object */;
			proxyType = 1;
			remoteGlobalIDString = 895856281F116A2B00BEB595;
			remoteInfo = RayTracer;
		};
/* End PBXContainerItemProxy section */

/* Begin PBXFileReference section */
		895856291F116A2B00BEB595 /* RayTracer.app */ = {isa = PBXFileReference; explicitFileType = wrapper.application; includeInIndex = 0; path = RayTracer.app; sourceTree = BUILT_PRODUCTS_DIR; };
		8958562C1F116A2B00BEB595 /* AppDelegate.swift */ = {isa = PBXFileReference; lastKnownFileType = sourcecode.swift; path = AppDelegate.swift; sourceTree = "<group>"; };
		8958562E1F116A2B00BEB595 /* ViewController.swift */ = {isa = PBXFileReference; lastKnownFileType = sourcecode.swift; path = ViewController.swift; sourceTree = "<group>"; };
		895856311F116A2B00BEB595 /* Base */ = {isa = PBXFileReference; lastKnownFileType = file.storyboard; name = Base; path = Base.lproj/Main.storyboard; sourceTree = "<group>"; };
		895856341F116A2B00BEB595 /* RayTracer.xcdatamodel */ = {isa = PBXFileReference; lastKnownFileType = wrapper.xcdatamodel; path = RayTracer.xcdatamodel; sourceTree = "<group>"; };
		895856361F116A2B00BEB595 /* Assets.xcassets */ = {isa = PBXFileReference; lastKnownFileType = folder.assetcatalog; path = Assets.xcassets; sourceTree = "<group>"; };
		895856391F116A2B00BEB595 /* Base */ = {isa = PBXFileReference; lastKnownFileType = file.storyboard; name = Base; path = Base.lproj/LaunchScreen.storyboard; sourceTree = "<group>"; };
		8958563B1F116A2B00BEB595 /* Info.plist */ = {isa = PBXFileReference; lastKnownFileType = text.plist.xml; path = Info.plist; sourceTree = "<group>"; };
		895856401F116A2B00BEB595 /* RayTracerTests.xctest */ = {isa = PBXFileReference; explicitFileType = wrapper.cfbundle; includeInIndex = 0; path = RayTracerTests.xctest; sourceTree = BUILT_PRODUCTS_DIR; };
		895856441F116A2B00BEB595 /* RayTracerTests.swift */ = {isa = PBXFileReference; lastKnownFileType = sourcecode.swift; path = RayTracerTests.swift; sourceTree = "<group>"; };
		895856461F116A2B00BEB595 /* Info.plist */ = {isa = PBXFileReference; lastKnownFileType = text.plist.xml; path = Info.plist; sourceTree = "<group>"; };
/* End PBXFileReference section */

/* Begin PBXFrameworksBuildPhase section */
		895856261F116A2B00BEB595 /* Frameworks */ = {
			isa = PBXFrameworksBuildPhase;
			buildActionMask = 2147483647;
			files = (
			);
			runOnlyForDeploymentPostprocessing = 0;
		};
		8958563D1F116A2B00BEB595 /* Frameworks */ = {
			isa = PBXFrameworksBuildPhase;
			buildActionMask = 2147483647;
			files = (
			);
			runOnlyForDeploymentPostprocessing = 0;
		};
/* End PBXFrameworksBuildPhase section */

/* Begin PBXGroup section */
		895856201F116A2B00BEB595 = {
			isa = PBXGroup;
			children = (
				8958562B1F116A2B00BEB595 /* RayTracer */,
				895856431F116A2B00BEB595 /* RayTracerTests */,
				8958562A1F116A2B00BEB595 /* Products */,
			);
			sourceTree = "<group>";
		};
		8958562A1F116A2B00BEB595 /* Products */ = {
			isa = PBXGroup;
			children = (
				895856291F116A2B00BEB595 /* RayTracer.app */,
				895856401F116A2B00BEB595 /* RayTracerTests.xctest */,
			);
			name = Products;
			sourceTree = "<group>";
		};
		8958562B1F116A2B00BEB595 /* RayTracer */ = {
			isa = PBXGroup;
			children = (
				8958562C1F116A2B00BEB595 /* AppDelegate.swift */,
				8958562E1F116A2B00BEB595 /* ViewController.swift */,
				895856301F116A2B00BEB595 /* Main.storyboard */,
				895856361F116A2B00BEB595 /* Assets.xcassets */,
				895856381F116A2B00BEB595 /* LaunchScreen.storyboard */,
				8958563B1F116A2B00BEB595 /* Info.plist */,
				895856331F116A2B00BEB595 /* RayTracer.xcdatamodeld */,
			);
			path = RayTracer;
			sourceTree = "<group>";
		};
		895856431F116A2B00BEB595 /* RayTracerTests */ = {
			isa = PBXGroup;
			children = (
				895856441F116A2B00BEB595 /* RayTracerTests.swift */,
				895856461F116A2B00BEB595 /* Info.plist */,
			);
			path = RayTracerTests;
			sourceTree = "<group>";
		};
/* End PBXGroup section */

/* Begin PBXNativeTarget section */
		895856281F116A2B00BEB595 /* RayTracer */ = {
			isa = PBXNativeTarget;
			buildConfigurationList = 895856491F116A2B00BEB595 /* Build configuration list for PBXNativeTarget "RayTracer" */;
			buildPhases = (
				895856251F116A2B00BEB595 /* Sources */,
				895856261F116A2B00BEB595 /* Frameworks */,
				895856271F116A2B00BEB595 /* Resources */,
			);
			buildRules = (
			);
			dependencies = (
			);
			name = RayTracer;
			productName = RayTracer;
			productReference = 895856291F116A2B00BEB595 /* RayTracer.app */;
			productType = "com.apple.product-type.application";
		};
		8958563F1F116A2B00BEB595 /* RayTracerTests */ = {
			isa = PBXNativeTarget;
			buildConfigurationList = 8958564C1F116A2B00BEB595 /* Build configuration list for PBXNativeTarget "RayTracerTests" */;
			buildPhases = (
				8958563C1F116A2B00BEB595 /* Sources */,
				8958563D1F116A2B00BEB595 /* Frameworks */,
				8958563E1F116A2B00BEB595 /* Resources */,
			);
			buildRules = (
			);
			dependencies = (
				895856421F116A2B00BEB595 /* PBXTargetDependency */,
			);
			name = RayTracerTests;
			productName = RayTracerTests;
			productReference = 895856401F116A2B00BEB595 /* RayTracerTests.xctest */;
			productType = "com.apple.product-type.bundle.unit-test";
		};
/* End PBXNativeTarget section */

/* Begin PBXProject section */
		895856211F116A2B00BEB595 /* Project object */ = {
			isa = PBXProject;
			attributes = {
				LastSwiftUpdateCheck = 0830;
				LastUpgradeCheck = 0830;
				ORGANIZATIONNAME = "Michael Pangburn";
				TargetAttributes = {
					895856281F116A2B00BEB595 = {
						CreatedOnToolsVersion = 8.3.3;
						DevelopmentTeam = 5Q5Q8W9ATZ;
						ProvisioningStyle = Automatic;
					};
					8958563F1F116A2B00BEB595 = {
						CreatedOnToolsVersion = 8.3.3;
						DevelopmentTeam = 5Q5Q8W9ATZ;
						ProvisioningStyle = Automatic;
						TestTargetID = 895856281F116A2B00BEB595;
					};
				};
			};
			buildConfigurationList = 895856241F116A2B00BEB595 /* Build configuration list for PBXProject "RayTracer" */;
			compatibilityVersion = "Xcode 3.2";
			developmentRegion = English;
			hasScannedForEncodings = 0;
			knownRegions = (
				en,
				Base,
			);
			mainGroup = 895856201F116A2B00BEB595;
			productRefGroup = 8958562A1F116A2B00BEB595 /* Products */;
			projectDirPath = "";
			projectRoot = "";
			targets = (
				895856281F116A2B00BEB595 /* RayTracer */,
				8958563F1F116A2B00BEB595 /* RayTracerTests */,
			);
		};
/* End PBXProject section */

/* Begin PBXResourcesBuildPhase section */
		895856271F116A2B00BEB595 /* Resources */ = {
			isa = PBXResourcesBuildPhase;
			buildActionMask = 2147483647;
			files = (
				8958563A1F116A2B00BEB595 /* LaunchScreen.storyboard in Resources */,
				895856371F116A2B00BEB595 /* Assets.xcassets in Resources */,
				895856321F116A2B00BEB595 /* Main.storyboard in Resources */,
			);
			runOnlyForDeploymentPostprocessing = 0;
		};
		8958563E1F116A2B00BEB595 /* Resources */ = {
			isa = PBXResourcesBuildPhase;
			buildActionMask = 2147483647;
			files = (
			);
			runOnlyForDeploymentPostprocessing = 0;
		};
/* End PBXResourcesBuildPhase section */

/* Begin PBXSourcesBuildPhase section */
		895856251F116A2B00BEB595 /* Sources */ = {
			isa = PBXSourcesBuildPhase;
			buildActionMask = 2147483647;
			files = (
				895856351F116A2B00BEB595 /* RayTracer.xcdatamodeld in Sources */,
				8958562F1F116A2B00BEB595 /* ViewController.swift in Sources */,
				8958562D1F116A2B00BEB595 /* AppDelegate.swift in Sources */,
			);
			runOnlyForDeploymentPostprocessing = 0;
		};
		8958563C1F116A2B00BEB595 /* Sources */ = {
			isa = PBXSourcesBuildPhase;
			buildActionMask = 2147483647;
			files = (
				895856451F116A2B00BEB595 /* RayTracerTests.swift in Sources */,
			);
			runOnlyForDeploymentPostprocessing = 0;
		};
/* End PBXSourcesBuildPhase section */

/* Begin PBXTargetDependency section */
		895856421F116A2B00BEB595 /* PBXTargetDependency */ = {
			isa = PBXTargetDependency;
			target = 895856281F116A2B00BEB595 /* RayTracer */;
			targetProxy = 895856411F116A2B00BEB595 /* PBXContainerItemProxy */;
		};
/* End PBXTargetDependency section */

/* Begin PBXVariantGroup section */
		895856301F116A2B00BEB595 /* Main.storyboard */ = {
			isa = PBXVariantGroup;
			children = (
				895856311F116A2B00BEB595 /* Base */,
			);
			name = Main.storyboard;
			sourceTree = "<group>";
		};
		895856381F116A2B00BEB595 /* LaunchScreen.storyboard */ = {
			isa = PBXVariantGroup;
			children = (
				895856391F116A2B00BEB595 /* Base */,
			);
			name = LaunchScreen.storyboard;
			sourceTree = "<group>";
		};
/* End PBXVariantGroup section */

/* Begin XCBuildConfiguration section */
		895856471F116A2B00BEB595 /* Debug */ = {
			isa = XCBuildConfiguration;
			buildSettings = {
				ALWAYS_SEARCH_USER_PATHS = NO;
				CLANG_ANALYZER_NONNULL = YES;
				CLANG_ANALYZER_NUMBER_OBJECT_CONVERSION = YES_AGGRESSIVE;
				CLANG_CXX_LANGUAGE_STANDARD = "gnu++0x";
				CLANG_CXX_LIBRARY = "libc++";
				CLANG_ENABLE_MODULES = YES;
				CLANG_ENABLE_OBJC_ARC = YES;
				CLANG_WARN_BOOL_CONVERSION = YES;
				CLANG_WARN_CONSTANT_CONVERSION = YES;
				CLANG_WARN_DIRECT_OBJC_ISA_USAGE = YES_ERROR;
				CLANG_WARN_DOCUMENTATION_COMMENTS = YES;
				CLANG_WARN_EMPTY_BODY = YES;
				CLANG_WARN_ENUM_CONVERSION = YES;
				CLANG_WARN_INFINITE_RECURSION = YES;
				CLANG_WARN_INT_CONVERSION = YES;
				CLANG_WARN_OBJC_ROOT_CLASS = YES_ERROR;
				CLANG_WARN_SUSPICIOUS_MOVE = YES;
				CLANG_WARN_UNREACHABLE_CODE = YES;
				CLANG_WARN__DUPLICATE_METHOD_MATCH = YES;
				"CODE_SIGN_IDENTITY[sdk=iphoneos*]" = "iPhone Developer";
				COPY_PHASE_STRIP = NO;
				DEBUG_INFORMATION_FORMAT = dwarf;
				ENABLE_STRICT_OBJC_MSGSEND = YES;
				ENABLE_TESTABILITY = YES;
				GCC_C_LANGUAGE_STANDARD = gnu99;
				GCC_DYNAMIC_NO_PIC = NO;
				GCC_NO_COMMON_BLOCKS = YES;
				GCC_OPTIMIZATION_LEVEL = 0;
				GCC_PREPROCESSOR_DEFINITIONS = (
					"DEBUG=1",
					"$(inherited)",
				);
				GCC_WARN_64_TO_32_BIT_CONVERSION = YES;
				GCC_WARN_ABOUT_RETURN_TYPE = YES_ERROR;
				GCC_WARN_UNDECLARED_SELECTOR = YES;
				GCC_WARN_UNINITIALIZED_AUTOS = YES_AGGRESSIVE;
				GCC_WARN_UNUSED_FUNCTION = YES;
				GCC_WARN_UNUSED_VARIABLE = YES;
				IPHONEOS_DEPLOYMENT_TARGET = 10.3;
				MTL_ENABLE_DEBUG_INFO = YES;
				ONLY_ACTIVE_ARCH = YES;
				SDKROOT = iphoneos;
				SWIFT_ACTIVE_COMPILATION_CONDITIONS = DEBUG;
				SWIFT_OPTIMIZATION_LEVEL = "-Onone";
				TARGETED_DEVICE_FAMILY = "1,2";
			};
			name = Debug;
		};
		895856481F116A2B00BEB595 /* Release */ = {
			isa = XCBuildConfiguration;
			buildSettings = {
				ALWAYS_SEARCH_USER_PATHS = NO;
				CLANG_ANALYZER_NONNULL = YES;
				CLANG_ANALYZER_NUMBER_OBJECT_CONVERSION = YES_AGGRESSIVE;
				CLANG_CXX_LANGUAGE_STANDARD = "gnu++0x";
				CLANG_CXX_LIBRARY = "libc++";
				CLANG_ENABLE_MODULES = YES;
				CLANG_ENABLE_OBJC_ARC = YES;
				CLANG_WARN_BOOL_CONVERSION = YES;
				CLANG_WARN_CONSTANT_CONVERSION = YES;
				CLANG_WARN_DIRECT_OBJC_ISA_USAGE = YES_ERROR;
				CLANG_WARN_DOCUMENTATION_COMMENTS = YES;
				CLANG_WARN_EMPTY_BODY = YES;
				CLANG_WARN_ENUM_CONVERSION = YES;
				CLANG_WARN_INFINITE_RECURSION = YES;
				CLANG_WARN_INT_CONVERSION = YES;
				CLANG_WARN_OBJC_ROOT_CLASS = YES_ERROR;
				CLANG_WARN_SUSPICIOUS_MOVE = YES;
				CLANG_WARN_UNREACHABLE_CODE = YES;
				CLANG_WARN__DUPLICATE_METHOD_MATCH = YES;
				"CODE_SIGN_IDENTITY[sdk=iphoneos*]" = "iPhone Developer";
				COPY_PHASE_STRIP = NO;
				DEBUG_INFORMATION_FORMAT = "dwarf-with-dsym";
				ENABLE_NS_ASSERTIONS = NO;
				ENABLE_STRICT_OBJC_MSGSEND = YES;
				GCC_C_LANGUAGE_STANDARD = gnu99;
				GCC_NO_COMMON_BLOCKS = YES;
				GCC_WARN_64_TO_32_BIT_CONVERSION = YES;
				GCC_WARN_ABOUT_RETURN_TYPE = YES_ERROR;
				GCC_WARN_UNDECLARED_SELECTOR = YES;
				GCC_WARN_UNINITIALIZED_AUTOS = YES_AGGRESSIVE;
				GCC_WARN_UNUSED_FUNCTION = YES;
				GCC_WARN_UNUSED_VARIABLE = YES;
				IPHONEOS_DEPLOYMENT_TARGET = 10.3;
				MTL_ENABLE_DEBUG_INFO = NO;
				SDKROOT = iphoneos;
				SWIFT_OPTIMIZATION_LEVEL = "-Owholemodule";
				TARGETED_DEVICE_FAMILY = "1,2";
				VALIDATE_PRODUCT = YES;
			};
			name = Release;
		};
		8958564A1F116A2B00BEB595 /* Debug */ = {
			isa = XCBuildConfiguration;
			buildSettings = {
				ASSETCATALOG_COMPILER_APPICON_NAME = AppIcon;
				DEVELOPMENT_TEAM = 5Q5Q8W9ATZ;
				INFOPLIST_FILE = RayTracer/Info.plist;
				LD_RUNPATH_SEARCH_PATHS = "$(inherited) @executable_path/Frameworks";
				PRODUCT_BUNDLE_IDENTIFIER = com.pangburn.RayTracer;
				PRODUCT_NAME = "$(TARGET_NAME)";
				SWIFT_VERSION = 3.0;
			};
			name = Debug;
		};
		8958564B1F116A2B00BEB595 /* Release */ = {
			isa = XCBuildConfiguration;
			buildSettings = {
				ASSETCATALOG_COMPILER_APPICON_NAME = AppIcon;
				DEVELOPMENT_TEAM = 5Q5Q8W9ATZ;
				INFOPLIST_FILE = RayTracer/Info.plist;
				LD_RUNPATH_SEARCH_PATHS = "$(inherited) @executable_path/Frameworks";
				PRODUCT_BUNDLE_IDENTIFIER = com.pangburn.RayTracer;
				PRODUCT_NAME = "$(TARGET_NAME)";
				SWIFT_VERSION = 3.0;
			};
			name = Release;
		};
		8958564D1F116A2B00BEB595 /* Debug */ = {
			isa = XCBuildConfiguration;
			buildSettings = {
				ALWAYS_EMBED_SWIFT_STANDARD_LIBRARIES = YES;
				BUNDLE_LOADER = "$(TEST_HOST)";
				DEVELOPMENT_TEAM = 5Q5Q8W9ATZ;
				INFOPLIST_FILE = RayTracerTests/Info.plist;
				LD_RUNPATH_SEARCH_PATHS = "$(inherited) @executable_path/Frameworks @loader_path/Frameworks";
				PRODUCT_BUNDLE_IDENTIFIER = com.pangburn.RayTracerTests;
				PRODUCT_NAME = "$(TARGET_NAME)";
				SWIFT_VERSION = 3.0;
				TEST_HOST = "$(BUILT_PRODUCTS_DIR)/RayTracer.app/RayTracer";
			};
			name = Debug;
		};
		8958564E1F116A2B00BEB595 /* Release */ = {
			isa = XCBuildConfiguration;
			buildSettings = {
				ALWAYS_EMBED_SWIFT_STANDARD_LIBRARIES = YES;
				BUNDLE_LOADER = "$(TEST_HOST)";
				DEVELOPMENT_TEAM = 5Q5Q8W9ATZ;
				INFOPLIST_FILE = RayTracerTests/Info.plist;
				LD_RUNPATH_SEARCH_PATHS = "$(inherited) @executable_path/Frameworks @loader_path/Frameworks";
				PRODUCT_BUNDLE_IDENTIFIER = com.pangburn.RayTracerTests;
				PRODUCT_NAME = "$(TARGET_NAME)";
				SWIFT_VERSION = 3.0;
				TEST_HOST = "$(BUILT_PRODUCTS_DIR)/RayTracer.app/RayTracer";
			};
			name = Release;
		};
/* End XCBuildConfiguration section */

/* Begin XCConfigurationList section */
		895856241F116A2B00BEB595 /* Build configuration list for PBXProject "RayTracer" */ = {
			isa = XCConfigurationList;
			buildConfigurations = (
				895856471F116A2B00BEB595 /* Debug */,
				895856481F116A2B00BEB595 /* Release */,
			);
			defaultConfigurationIsVisible = 0;
			defaultConfigurationName = Release;
		};
		895856491F116A2B00BEB595 /* Build configuration list for PBXNativeTarget "RayTracer" */ = {
			isa = XCConfigurationList;
			buildConfigurations = (
				8958564A1F116A2B00BEB595 /* Debug */,
				8958564B1F116A2B00BEB595 /* Release */,
			);
			defaultConfigurationIsVisible = 0;
		};
		8958564C1F116A2B00BEB595 /* Build configuration list for PBXNativeTarget "RayTracerTests" */ = {
			isa = XCConfigurationList;
			buildConfigurations = (
				8958564D1F116A2B00BEB595 /* Debug */,
				8958564E1F116A2B00BEB595 /* Release */,
			);
			defaultConfigurationIsVisible = 0;
		};
/* End XCConfigurationList section */

/* Begin XCVersionGroup section */
		895856331F116A2B00BEB595 /* RayTracer.xcdatamodeld */ = {
			isa = XCVersionGroup;
			children = (
				895856341F116A2B00BEB595 /* RayTracer.xcdatamodel */,
			);
			currentVersion = 895856341F116A2B00BEB595 /* RayTracer.xcdatamodel */;
			path = RayTracer.xcdatamodeld;
			sourceTree = "<group>";
			versionGroupType = wrapper.xcdatamodel;
		};
/* End XCVersionGroup section */
	};
	rootObject = 895856211F116A2B00BEB595 /* Project object */;
}
